
Microsoft Visual Studio Solution File, Format Version 12.00
# Visual Studio 15
VisualStudioVersion = 15.0.27428.2037
MinimumVisualStudioVersion = 10.0.40219.1
Project("{FAE04EC0-301F-11D3-BF4B-00C04F79EFBC}") = "exe4_Partanen_Jonna", "exe4_Partanen_Jonna\exe4_Partanen_Jonna.csproj", "{A2D53BF7-DFD8-43E7-BD14-5EFD10CC07A6}"
EndProject
Global
	GlobalSection(SolutionConfigurationPlatforms) = preSolution
		Debug|Any CPU = Debug|Any CPU
		Release|Any CPU = Release|Any CPU
	EndGlobalSection
	GlobalSection(ProjectConfigurationPlatforms) = postSolution
		{A2D53BF7-DFD8-43E7-BD14-5EFD10CC07A6}.Debug|Any CPU.ActiveCfg = Debug|Any CPU
		{A2D53BF7-DFD8-43E7-BD14-5EFD10CC07A6}.Debug|Any CPU.Build.0 = Debug|Any CPU
		{A2D53BF7-DFD8-43E7-BD14-5EFD10CC07A6}.Release|Any CPU.ActiveCfg = Release|Any CPU
		{A2D53BF7-DFD8-43E7-BD14-5EFD10CC07A6}.Release|Any CPU.Build.0 = Release|Any CPU
	EndGlobalSection
	GlobalSection(SolutionProperties) = preSolution
		HideSolutionNode = FALSE
	EndGlobalSection
	GlobalSection(ExtensibilityGlobals) = postSolution
		SolutionGuid = {20BED24C-B190-4B0E-9CC6-04A0B1EA0450}
	EndGlobalSection
EndGlobal
